// !$*UTF8*$!
{
	archiveVersion = 1;
	classes = {
	};
	objectVersion = 46;
	objects = {

/* Begin PBXBuildFile section */
		1A0038041B8D9274008307A6 /* UserHistoryCell.swift in Sources */ = {isa = PBXBuildFile; fileRef = 1A0038031B8D9274008307A6 /* UserHistoryCell.swift */; };
		1A01F40E1B6F20AA0042480B /* VideoCommentCell.swift in Sources */ = {isa = PBXBuildFile; fileRef = 1A01F40D1B6F20AA0042480B /* VideoCommentCell.swift */; };
		1A01F4101B6F20C50042480B /* VideoRelateCell.swift in Sources */ = {isa = PBXBuildFile; fileRef = 1A01F40F1B6F20C50042480B /* VideoRelateCell.swift */; };
		1A01F4121B6F210B0042480B /* VideoRelateController.swift in Sources */ = {isa = PBXBuildFile; fileRef = 1A01F4111B6F210B0042480B /* VideoRelateController.swift */; };
		1A01F4161B6F214D0042480B /* VideoInfoController.swift in Sources */ = {isa = PBXBuildFile; fileRef = 1A01F4151B6F214D0042480B /* VideoInfoController.swift */; };
		1A01F4181B6F479A0042480B /* Comment.swift in Sources */ = {isa = PBXBuildFile; fileRef = 1A01F4171B6F479A0042480B /* Comment.swift */; };
		1A0351FC1B54CB7A007372F8 /* News.swift in Sources */ = {isa = PBXBuildFile; fileRef = 1A0351FB1B54CB7A007372F8 /* News.swift */; };
		1A0836CA1B78D40A00286911 /* GameHeaderCell.swift in Sources */ = {isa = PBXBuildFile; fileRef = 1A0836C81B78D40A00286911 /* GameHeaderCell.swift */; };
		1A0836CB1B78D40A00286911 /* GameHeaderCell.xib in Resources */ = {isa = PBXBuildFile; fileRef = 1A0836C91B78D40A00286911 /* GameHeaderCell.xib */; };
		1A1D2C701B72FFF300112A4F /* NewGameController.swift in Sources */ = {isa = PBXBuildFile; fileRef = 1A1D2C6F1B72FFF300112A4F /* NewGameController.swift */; };
		1A1D2C721B73002200112A4F /* NewGameCell.swift in Sources */ = {isa = PBXBuildFile; fileRef = 1A1D2C711B73002200112A4F /* NewGameCell.swift */; };
		1A1D2C741B73134300112A4F /* SystemController.swift in Sources */ = {isa = PBXBuildFile; fileRef = 1A1D2C731B73134300112A4F /* SystemController.swift */; };
		1A1D2C761B73190B00112A4F /* UserHistoryController.swift in Sources */ = {isa = PBXBuildFile; fileRef = 1A1D2C751B73190B00112A4F /* UserHistoryController.swift */; };
		1A1D2C7A1B731C5600112A4F /* UserFollowController.swift in Sources */ = {isa = PBXBuildFile; fileRef = 1A1D2C791B731C5600112A4F /* UserFollowController.swift */; };
		1A1D2C7E1B7322A600112A4F /* UserInfoController.swift in Sources */ = {isa = PBXBuildFile; fileRef = 1A1D2C7D1B7322A600112A4F /* UserInfoController.swift */; };
		1A1D2C801B7346FD00112A4F /* LoginController.swift in Sources */ = {isa = PBXBuildFile; fileRef = 1A1D2C7F1B7346FD00112A4F /* LoginController.swift */; };
		1A1D2C821B73478000112A4F /* RegisterController.swift in Sources */ = {isa = PBXBuildFile; fileRef = 1A1D2C811B73478000112A4F /* RegisterController.swift */; };
		1A1D2C841B73550200112A4F /* ForgetPWDController.swift in Sources */ = {isa = PBXBuildFile; fileRef = 1A1D2C831B73550200112A4F /* ForgetPWDController.swift */; };
		1A2235B21B93EE0700F7B8B9 /* UserFollowCell.swift in Sources */ = {isa = PBXBuildFile; fileRef = 1A2235B11B93EE0700F7B8B9 /* UserFollowCell.swift */; };
		1A2235B41B93F4B600F7B8B9 /* ChannelVideoController.swift in Sources */ = {isa = PBXBuildFile; fileRef = 1A2235B31B93F4B600F7B8B9 /* ChannelVideoController.swift */; };
		1A23C2B11B8463D700AF5860 /* game-front-cover.png in Resources */ = {isa = PBXBuildFile; fileRef = 1A23C2AE1B8463D700AF5860 /* game-front-cover.png */; };
		1A23C2B21B8463D700AF5860 /* navigation-bar.png in Resources */ = {isa = PBXBuildFile; fileRef = 1A23C2AF1B8463D700AF5860 /* navigation-bar.png */; };
		1A23C2B31B8463D700AF5860 /* triangle.png in Resources */ = {isa = PBXBuildFile; fileRef = 1A23C2B01B8463D700AF5860 /* triangle.png */; };
		1A23D7851B833E9C001AAAAD /* password.png in Resources */ = {isa = PBXBuildFile; fileRef = 1A23D7831B833E9C001AAAAD /* password.png */; };
		1A23D7861B833E9C001AAAAD /* username.png in Resources */ = {isa = PBXBuildFile; fileRef = 1A23D7841B833E9C001AAAAD /* username.png */; };
		1A28D41C1B831D3B00F1424F /* sliders.png in Resources */ = {isa = PBXBuildFile; fileRef = 1A28D41B1B831D3B00F1424F /* sliders.png */; };
		1A28D41E1B831DE000F1424F /* placeholder.png in Resources */ = {isa = PBXBuildFile; fileRef = 1A28D41D1B831DE000F1424F /* placeholder.png */; };
		1A2BE3DC1B6E0F8800F787CC /* YTPlayerView-iframe-player.html in Resources */ = {isa = PBXBuildFile; fileRef = 1A2BE3DB1B6E0F8800F787CC /* YTPlayerView-iframe-player.html */; };
		1A30F74B1B7CCA5A00A2CADF /* more.png in Resources */ = {isa = PBXBuildFile; fileRef = 1A30F74A1B7CCA5A00A2CADF /* more.png */; };
		1A3226501B7D9411001F7C52 /* RoundImage.swift in Sources */ = {isa = PBXBuildFile; fileRef = 1A32264F1B7D9411001F7C52 /* RoundImage.swift */; };
		1A3226521B7D9B29001F7C52 /* user.png in Resources */ = {isa = PBXBuildFile; fileRef = 1A3226511B7D9B29001F7C52 /* user.png */; };
		1A32265A1B7DE648001F7C52 /* MyTextField.swift in Sources */ = {isa = PBXBuildFile; fileRef = 1A3226591B7DE648001F7C52 /* MyTextField.swift */; };
		1A32FD0E1B54B91D0040E94C /* Router.swift in Sources */ = {isa = PBXBuildFile; fileRef = 1A32FD0D1B54B91D0040E94C /* Router.swift */; };
		1A32FD101B54B9BA0040E94C /* NSDateExtensions.swift in Sources */ = {isa = PBXBuildFile; fileRef = 1A32FD0F1B54B9BA0040E94C /* NSDateExtensions.swift */; };
		1A32FD121B54BA680040E94C /* Thumbnail.swift in Sources */ = {isa = PBXBuildFile; fileRef = 1A32FD111B54BA680040E94C /* Thumbnail.swift */; };
		1A32FD141B54BD170040E94C /* ModelSerializable.swift in Sources */ = {isa = PBXBuildFile; fileRef = 1A32FD131B54BD170040E94C /* ModelSerializable.swift */; };
		1A32FD161B54BD660040E94C /* Slider.swift in Sources */ = {isa = PBXBuildFile; fileRef = 1A32FD151B54BD660040E94C /* Slider.swift */; };
		1A32FD1B1B54C1000040E94C /* HomeController.swift in Sources */ = {isa = PBXBuildFile; fileRef = 1A32FD1A1B54C1000040E94C /* HomeController.swift */; };
		1A4181A51B709B4D00927C21 /* Main.storyboard in Resources */ = {isa = PBXBuildFile; fileRef = 1A4181A31B709B4D00927C21 /* Main.storyboard */; };
		1A4181A71B709BA900927C21 /* TwitchPlayerController.swift in Sources */ = {isa = PBXBuildFile; fileRef = 1A4181A61B709BA900927C21 /* TwitchPlayerController.swift */; };
		1A4181DC1B71A94000927C21 /* FreedomController.swift in Sources */ = {isa = PBXBuildFile; fileRef = 1A4181DB1B71A94000927C21 /* FreedomController.swift */; };
		1A4FAFAC1B7F29D10064B8A3 /* Default-568h@2x.png in Resources */ = {isa = PBXBuildFile; fileRef = 1A4FAFAB1B7F29D10064B8A3 /* Default-568h@2x.png */; };
		1A4FAFAE1B7F2DA10064B8A3 /* GoogleService-Info.plist in Resources */ = {isa = PBXBuildFile; fileRef = 1A4FAFAD1B7F2DA10064B8A3 /* GoogleService-Info.plist */; };
		1A4FAFB01B7F71CE0064B8A3 /* YouTubeRouter.swift in Sources */ = {isa = PBXBuildFile; fileRef = 1A4FAFAF1B7F71CE0064B8A3 /* YouTubeRouter.swift */; };
		1A7A583B1B60EB7300464510 /* SliderController.swift in Sources */ = {isa = PBXBuildFile; fileRef = 1A7A583A1B60EB7300464510 /* SliderController.swift */; };
		1A85412C1B53C75C004010D9 /* NSUserDefaultsExtensions.swift in Sources */ = {isa = PBXBuildFile; fileRef = 1A85412B1B53C75C004010D9 /* NSUserDefaultsExtensions.swift */; };
		1A975F201B57960A003B8327 /* ChannelDao.swift in Sources */ = {isa = PBXBuildFile; fileRef = 1A975F1F1B57960A003B8327 /* ChannelDao.swift */; };
		1A975F221B579947003B8327 /* Channel.swift in Sources */ = {isa = PBXBuildFile; fileRef = 1A975F211B579947003B8327 /* Channel.swift */; };
		1A975F241B579BE9003B8327 /* ChannelBL.swift in Sources */ = {isa = PBXBuildFile; fileRef = 1A975F231B579BE9003B8327 /* ChannelBL.swift */; };
		1AA0B9381B859C07001BFEB9 /* Response.swift in Sources */ = {isa = PBXBuildFile; fileRef = 1AA0B9371B859C07001BFEB9 /* Response.swift */; };
		1AAC05581B7C5BCA0002AD8B /* MyCellDelegate.swift in Sources */ = {isa = PBXBuildFile; fileRef = 1AAC05571B7C5BCA0002AD8B /* MyCellDelegate.swift */; };
		1AB21AEA1B5C8BF1007C5D2A /* LiveController.swift in Sources */ = {isa = PBXBuildFile; fileRef = 1AB21AE91B5C8BF1007C5D2A /* LiveController.swift */; };
		1AB21AEE1B5C8C5D007C5D2A /* GameController.swift in Sources */ = {isa = PBXBuildFile; fileRef = 1AB21AED1B5C8C5D007C5D2A /* GameController.swift */; };
		1AB21AF01B5C8C7E007C5D2A /* UserController.swift in Sources */ = {isa = PBXBuildFile; fileRef = 1AB21AEF1B5C8C7E007C5D2A /* UserController.swift */; };
		1AB21AF21B5C8CE4007C5D2A /* SearchController.swift in Sources */ = {isa = PBXBuildFile; fileRef = 1AB21AF11B5C8CE4007C5D2A /* SearchController.swift */; };
		1AB21AF71B5C9445007C5D2A /* GameCell.swift in Sources */ = {isa = PBXBuildFile; fileRef = 1AB21AF61B5C9445007C5D2A /* GameCell.swift */; };
		1AB317561B56165F00B6C176 /* SliderBL.swift in Sources */ = {isa = PBXBuildFile; fileRef = 1AB317551B56165F00B6C176 /* SliderBL.swift */; };
		1AB3175B1B56187400B6C176 /* SliderDao.swift in Sources */ = {isa = PBXBuildFile; fileRef = 1AB3175A1B56187400B6C176 /* SliderDao.swift */; };
		1ABA1D4C1B8C249E00D67809 /* FreedomLoginController.swift in Sources */ = {isa = PBXBuildFile; fileRef = 1ABA1D4B1B8C249E00D67809 /* FreedomLoginController.swift */; };
		1ABEFE071B61E68800BC7907 /* VideoDao.swift in Sources */ = {isa = PBXBuildFile; fileRef = 1ABEFE061B61E68800BC7907 /* VideoDao.swift */; };
		1ABEFE091B61E6AB00BC7907 /* UserDao.swift in Sources */ = {isa = PBXBuildFile; fileRef = 1ABEFE081B61E6AB00BC7907 /* UserDao.swift */; };
		1ABEFE0D1B61E6D400BC7907 /* VideoBL.swift in Sources */ = {isa = PBXBuildFile; fileRef = 1ABEFE0C1B61E6D400BC7907 /* VideoBL.swift */; };
		1ABEFE0F1B61E6E000BC7907 /* UserBL.swift in Sources */ = {isa = PBXBuildFile; fileRef = 1ABEFE0E1B61E6E000BC7907 /* UserBL.swift */; };
		1ABEFE111B61E71F00BC7907 /* User.swift in Sources */ = {isa = PBXBuildFile; fileRef = 1ABEFE101B61E71F00BC7907 /* User.swift */; };
		1ACBAF761B7AF3F200D8910C /* arrow.png in Resources */ = {isa = PBXBuildFile; fileRef = 1ACBAF751B7AF3F200D8910C /* arrow.png */; };
		1ACBAF781B7B046200D8910C /* LiveLargeCell.swift in Sources */ = {isa = PBXBuildFile; fileRef = 1ACBAF771B7B046200D8910C /* LiveLargeCell.swift */; };
		1ACBAF7A1B7B047300D8910C /* LiveSmallCell.swift in Sources */ = {isa = PBXBuildFile; fileRef = 1ACBAF791B7B047300D8910C /* LiveSmallCell.swift */; };
		1ACBAF7C1B7B268F00D8910C /* Live.swift in Sources */ = {isa = PBXBuildFile; fileRef = 1ACBAF7B1B7B268F00D8910C /* Live.swift */; };
		1ACBAF7E1B7B33C000D8910C /* LiveDao.swift in Sources */ = {isa = PBXBuildFile; fileRef = 1ACBAF7D1B7B33C000D8910C /* LiveDao.swift */; };
		1ACBAF801B7B34BE00D8910C /* LiveBL.swift in Sources */ = {isa = PBXBuildFile; fileRef = 1ACBAF7F1B7B34BE00D8910C /* LiveBL.swift */; };
		1AD9C7021B4E1189001FE414 /* AppDelegate.swift in Sources */ = {isa = PBXBuildFile; fileRef = 1AD9C7011B4E1189001FE414 /* AppDelegate.swift */; };
		1AD9C7041B4E1189001FE414 /* ViewController.swift in Sources */ = {isa = PBXBuildFile; fileRef = 1AD9C7031B4E1189001FE414 /* ViewController.swift */; };
		1AD9C7091B4E1189001FE414 /* Images.xcassets in Resources */ = {isa = PBXBuildFile; fileRef = 1AD9C7081B4E1189001FE414 /* Images.xcassets */; };
		1AD9C70C1B4E1189001FE414 /* LaunchScreen.xib in Resources */ = {isa = PBXBuildFile; fileRef = 1AD9C70A1B4E1189001FE414 /* LaunchScreen.xib */; };
		1AD9C7181B4E1189001FE414 /* GamersTests.swift in Sources */ = {isa = PBXBuildFile; fileRef = 1AD9C7171B4E1189001FE414 /* GamersTests.swift */; };
		1ADA9AEB1B54AE9E00F409B2 /* Video.swift in Sources */ = {isa = PBXBuildFile; fileRef = 1ADA9AEA1B54AE9E00F409B2 /* Video.swift */; };
		1AE56FD81B65E2A70088BFE8 /* SearchCell.swift in Sources */ = {isa = PBXBuildFile; fileRef = 1AE56FD71B65E2A70088BFE8 /* SearchCell.swift */; };
		1AE56FDA1B65EB690088BFE8 /* VideoListController.swift in Sources */ = {isa = PBXBuildFile; fileRef = 1AE56FD91B65EB690088BFE8 /* VideoListController.swift */; };
		1AE56FDC1B65EFAB0088BFE8 /* VideoListCell.swift in Sources */ = {isa = PBXBuildFile; fileRef = 1AE56FDB1B65EFAB0088BFE8 /* VideoListCell.swift */; };
		1AE56FDE1B65F10A0088BFE8 /* PlayerViewController.swift in Sources */ = {isa = PBXBuildFile; fileRef = 1AE56FDD1B65F10A0088BFE8 /* PlayerViewController.swift */; };
		1AE922521B86C8BB0033C480 /* VideoCommentController.swift in Sources */ = {isa = PBXBuildFile; fileRef = 1AE922511B86C8BB0033C480 /* VideoCommentController.swift */; };
		1AE922551B870A510033C480 /* UITableView+FDTemplateLayoutCell.m in Sources */ = {isa = PBXBuildFile; fileRef = 1AE922541B870A510033C480 /* UITableView+FDTemplateLayoutCell.m */; };
		1AEB2F9C1B79FDFC005F0A3F /* TableFooterAllCell.swift in Sources */ = {isa = PBXBuildFile; fileRef = 1AEB2F9A1B79FDFC005F0A3F /* TableFooterAllCell.swift */; };
		1AEB2F9D1B79FDFC005F0A3F /* TableFooterAllCell.xib in Resources */ = {isa = PBXBuildFile; fileRef = 1AEB2F9B1B79FDFC005F0A3F /* TableFooterAllCell.xib */; };
		1AEB2F9F1B7A3AD6005F0A3F /* share.png in Resources */ = {isa = PBXBuildFile; fileRef = 1AEB2F9E1B7A3AD6005F0A3F /* share.png */; };
		1AEB2FA11B7A3D47005F0A3F /* ChannelListController.swift in Sources */ = {isa = PBXBuildFile; fileRef = 1AEB2FA01B7A3D47005F0A3F /* ChannelListController.swift */; };
		1AEEBC901B82CEDD00880AA6 /* Social.framework in Frameworks */ = {isa = PBXBuildFile; fileRef = 1AEEBC8F1B82CEDD00880AA6 /* Social.framework */; };
		1AEECF6F1B7724040022B69B /* ChannelHeaderCell.swift in Sources */ = {isa = PBXBuildFile; fileRef = 1AEECF6D1B7724040022B69B /* ChannelHeaderCell.swift */; };
		1AEECF701B7724040022B69B /* ChannelHeaderCell.xib in Resources */ = {isa = PBXBuildFile; fileRef = 1AEECF6E1B7724040022B69B /* ChannelHeaderCell.xib */; };
		1AEECF731B7727640022B69B /* HomeVideoCell.swift in Sources */ = {isa = PBXBuildFile; fileRef = 1AEECF711B7727640022B69B /* HomeVideoCell.swift */; };
		1AEECF741B7727640022B69B /* HomeVideoCell.xib in Resources */ = {isa = PBXBuildFile; fileRef = 1AEECF721B7727640022B69B /* HomeVideoCell.xib */; };
		1AEECF771B773CCA0022B69B /* TableFooterCell.swift in Sources */ = {isa = PBXBuildFile; fileRef = 1AEECF751B773CCA0022B69B /* TableFooterCell.swift */; };
		1AEECF781B773CCA0022B69B /* TableFooterCell.xib in Resources */ = {isa = PBXBuildFile; fileRef = 1AEECF761B773CCA0022B69B /* TableFooterCell.xib */; };
		1AF8D53C1B9198B30086D932 /* GameSearchController.swift in Sources */ = {isa = PBXBuildFile; fileRef = 1AF8D53B1B9198B30086D932 /* GameSearchController.swift */; };
		1AFC1A0C1B58F3C2006D9667 /* GameDao.swift in Sources */ = {isa = PBXBuildFile; fileRef = 1AFC1A0B1B58F3C2006D9667 /* GameDao.swift */; };
		1AFC1A0E1B58F92B006D9667 /* GameBL.swift in Sources */ = {isa = PBXBuildFile; fileRef = 1AFC1A0D1B58F92B006D9667 /* GameBL.swift */; };
		1AFC1A101B58F9C4006D9667 /* Game.swift in Sources */ = {isa = PBXBuildFile; fileRef = 1AFC1A0F1B58F9C4006D9667 /* Game.swift */; };
		BFB65631586F7D1AC2F31F2A /* Pods.framework in Frameworks */ = {isa = PBXBuildFile; fileRef = 13C9A99EAE8865D0018A7B3F /* Pods.framework */; settings = {ATTRIBUTES = (Weak, ); }; };
/* End PBXBuildFile section */

/* Begin PBXContainerItemProxy section */
		1AD9C7121B4E1189001FE414 /* PBXContainerItemProxy */ = {
			isa = PBXContainerItemProxy;
			containerPortal = 1AD9C6F41B4E1189001FE414 /* Project object */;
			proxyType = 1;
			remoteGlobalIDString = 1AD9C6FB1B4E1189001FE414;
			remoteInfo = Gamers;
		};
/* End PBXContainerItemProxy section */

/* Begin PBXFileReference section */
		13C9A99EAE8865D0018A7B3F /* Pods.framework */ = {isa = PBXFileReference; explicitFileType = wrapper.framework; includeInIndex = 0; path = Pods.framework; sourceTree = BUILT_PRODUCTS_DIR; };
		1A0038031B8D9274008307A6 /* UserHistoryCell.swift */ = {isa = PBXFileReference; fileEncoding = 4; lastKnownFileType = sourcecode.swift; path = UserHistoryCell.swift; sourceTree = "<group>"; };
		1A01F40D1B6F20AA0042480B /* VideoCommentCell.swift */ = {isa = PBXFileReference; fileEncoding = 4; lastKnownFileType = sourcecode.swift; path = VideoCommentCell.swift; sourceTree = "<group>"; };
		1A01F40F1B6F20C50042480B /* VideoRelateCell.swift */ = {isa = PBXFileReference; fileEncoding = 4; lastKnownFileType = sourcecode.swift; path = VideoRelateCell.swift; sourceTree = "<group>"; };
		1A01F4111B6F210B0042480B /* VideoRelateController.swift */ = {isa = PBXFileReference; fileEncoding = 4; lastKnownFileType = sourcecode.swift; path = VideoRelateController.swift; sourceTree = "<group>"; };
		1A01F4151B6F214D0042480B /* VideoInfoController.swift */ = {isa = PBXFileReference; fileEncoding = 4; lastKnownFileType = sourcecode.swift; path = VideoInfoController.swift; sourceTree = "<group>"; };
		1A01F4171B6F479A0042480B /* Comment.swift */ = {isa = PBXFileReference; fileEncoding = 4; lastKnownFileType = sourcecode.swift; path = Comment.swift; sourceTree = "<group>"; };
		1A0351FB1B54CB7A007372F8 /* News.swift */ = {isa = PBXFileReference; fileEncoding = 4; lastKnownFileType = sourcecode.swift; path = News.swift; sourceTree = "<group>"; };
		1A0836C81B78D40A00286911 /* GameHeaderCell.swift */ = {isa = PBXFileReference; fileEncoding = 4; lastKnownFileType = sourcecode.swift; path = GameHeaderCell.swift; sourceTree = "<group>"; };
		1A0836C91B78D40A00286911 /* GameHeaderCell.xib */ = {isa = PBXFileReference; fileEncoding = 4; lastKnownFileType = file.xib; path = GameHeaderCell.xib; sourceTree = "<group>"; };
		1A1D2C6F1B72FFF300112A4F /* NewGameController.swift */ = {isa = PBXFileReference; fileEncoding = 4; lastKnownFileType = sourcecode.swift; path = NewGameController.swift; sourceTree = "<group>"; };
		1A1D2C711B73002200112A4F /* NewGameCell.swift */ = {isa = PBXFileReference; fileEncoding = 4; lastKnownFileType = sourcecode.swift; path = NewGameCell.swift; sourceTree = "<group>"; };
		1A1D2C731B73134300112A4F /* SystemController.swift */ = {isa = PBXFileReference; fileEncoding = 4; lastKnownFileType = sourcecode.swift; path = SystemController.swift; sourceTree = "<group>"; };
		1A1D2C751B73190B00112A4F /* UserHistoryController.swift */ = {isa = PBXFileReference; fileEncoding = 4; lastKnownFileType = sourcecode.swift; path = UserHistoryController.swift; sourceTree = "<group>"; };
		1A1D2C791B731C5600112A4F /* UserFollowController.swift */ = {isa = PBXFileReference; fileEncoding = 4; lastKnownFileType = sourcecode.swift; path = UserFollowController.swift; sourceTree = "<group>"; };
		1A1D2C7D1B7322A600112A4F /* UserInfoController.swift */ = {isa = PBXFileReference; fileEncoding = 4; lastKnownFileType = sourcecode.swift; path = UserInfoController.swift; sourceTree = "<group>"; };
		1A1D2C7F1B7346FD00112A4F /* LoginController.swift */ = {isa = PBXFileReference; fileEncoding = 4; lastKnownFileType = sourcecode.swift; path = LoginController.swift; sourceTree = "<group>"; };
		1A1D2C811B73478000112A4F /* RegisterController.swift */ = {isa = PBXFileReference; fileEncoding = 4; lastKnownFileType = sourcecode.swift; path = RegisterController.swift; sourceTree = "<group>"; };
		1A1D2C831B73550200112A4F /* ForgetPWDController.swift */ = {isa = PBXFileReference; fileEncoding = 4; lastKnownFileType = sourcecode.swift; path = ForgetPWDController.swift; sourceTree = "<group>"; };
		1A2235B11B93EE0700F7B8B9 /* UserFollowCell.swift */ = {isa = PBXFileReference; fileEncoding = 4; lastKnownFileType = sourcecode.swift; path = UserFollowCell.swift; sourceTree = "<group>"; };
		1A2235B31B93F4B600F7B8B9 /* ChannelVideoController.swift */ = {isa = PBXFileReference; fileEncoding = 4; lastKnownFileType = sourcecode.swift; path = ChannelVideoController.swift; sourceTree = "<group>"; };
		1A23C2AE1B8463D700AF5860 /* game-front-cover.png */ = {isa = PBXFileReference; lastKnownFileType = image.png; path = "game-front-cover.png"; sourceTree = "<group>"; };
		1A23C2AF1B8463D700AF5860 /* navigation-bar.png */ = {isa = PBXFileReference; lastKnownFileType = image.png; path = "navigation-bar.png"; sourceTree = "<group>"; };
		1A23C2B01B8463D700AF5860 /* triangle.png */ = {isa = PBXFileReference; lastKnownFileType = image.png; path = triangle.png; sourceTree = "<group>"; };
		1A23D7831B833E9C001AAAAD /* password.png */ = {isa = PBXFileReference; lastKnownFileType = image.png; path = password.png; sourceTree = "<group>"; };
		1A23D7841B833E9C001AAAAD /* username.png */ = {isa = PBXFileReference; lastKnownFileType = image.png; path = username.png; sourceTree = "<group>"; };
		1A28D41B1B831D3B00F1424F /* sliders.png */ = {isa = PBXFileReference; lastKnownFileType = image.png; path = sliders.png; sourceTree = "<group>"; };
		1A28D41D1B831DE000F1424F /* placeholder.png */ = {isa = PBXFileReference; lastKnownFileType = image.png; path = placeholder.png; sourceTree = "<group>"; };
		1A2BE3DB1B6E0F8800F787CC /* YTPlayerView-iframe-player.html */ = {isa = PBXFileReference; fileEncoding = 4; lastKnownFileType = text.html; path = "YTPlayerView-iframe-player.html"; sourceTree = "<group>"; };
		1A3015AC1B4E1F7600EB9965 /* Gamers-Bridging-Header.h */ = {isa = PBXFileReference; lastKnownFileType = sourcecode.c.h; path = "Gamers-Bridging-Header.h"; sourceTree = "<group>"; };
		1A3015C01B4E1FE600EB9965 /* libsqlite3.0.dylib */ = {isa = PBXFileReference; lastKnownFileType = "compiled.mach-o.dylib"; name = libsqlite3.0.dylib; path = usr/lib/libsqlite3.0.dylib; sourceTree = SDKROOT; };
		1A30F74A1B7CCA5A00A2CADF /* more.png */ = {isa = PBXFileReference; lastKnownFileType = image.png; path = more.png; sourceTree = "<group>"; };
		1A32264F1B7D9411001F7C52 /* RoundImage.swift */ = {isa = PBXFileReference; fileEncoding = 4; lastKnownFileType = sourcecode.swift; path = RoundImage.swift; sourceTree = "<group>"; };
		1A3226511B7D9B29001F7C52 /* user.png */ = {isa = PBXFileReference; lastKnownFileType = image.png; path = user.png; sourceTree = "<group>"; };
		1A3226591B7DE648001F7C52 /* MyTextField.swift */ = {isa = PBXFileReference; fileEncoding = 4; lastKnownFileType = sourcecode.swift; path = MyTextField.swift; sourceTree = "<group>"; };
		1A32FD0D1B54B91D0040E94C /* Router.swift */ = {isa = PBXFileReference; fileEncoding = 4; lastKnownFileType = sourcecode.swift; path = Router.swift; sourceTree = "<group>"; };
		1A32FD0F1B54B9BA0040E94C /* NSDateExtensions.swift */ = {isa = PBXFileReference; fileEncoding = 4; lastKnownFileType = sourcecode.swift; path = NSDateExtensions.swift; sourceTree = "<group>"; };
		1A32FD111B54BA680040E94C /* Thumbnail.swift */ = {isa = PBXFileReference; fileEncoding = 4; lastKnownFileType = sourcecode.swift; path = Thumbnail.swift; sourceTree = "<group>"; };
		1A32FD131B54BD170040E94C /* ModelSerializable.swift */ = {isa = PBXFileReference; fileEncoding = 4; lastKnownFileType = sourcecode.swift; path = ModelSerializable.swift; sourceTree = "<group>"; };
		1A32FD151B54BD660040E94C /* Slider.swift */ = {isa = PBXFileReference; fileEncoding = 4; lastKnownFileType = sourcecode.swift; path = Slider.swift; sourceTree = "<group>"; };
		1A32FD1A1B54C1000040E94C /* HomeController.swift */ = {isa = PBXFileReference; fileEncoding = 4; lastKnownFileType = sourcecode.swift; path = HomeController.swift; sourceTree = "<group>"; };
		1A4181A41B709B4D00927C21 /* Base */ = {isa = PBXFileReference; lastKnownFileType = file.storyboard; name = Base; path = Base.lproj/Main.storyboard; sourceTree = "<group>"; };
		1A4181A61B709BA900927C21 /* TwitchPlayerController.swift */ = {isa = PBXFileReference; fileEncoding = 4; lastKnownFileType = sourcecode.swift; path = TwitchPlayerController.swift; sourceTree = "<group>"; };
		1A4181DB1B71A94000927C21 /* FreedomController.swift */ = {isa = PBXFileReference; fileEncoding = 4; lastKnownFileType = sourcecode.swift; path = FreedomController.swift; sourceTree = "<group>"; };
		1A4FAFAB1B7F29D10064B8A3 /* Default-568h@2x.png */ = {isa = PBXFileReference; lastKnownFileType = image.png; path = "Default-568h@2x.png"; sourceTree = "<group>"; };
		1A4FAFAD1B7F2DA10064B8A3 /* GoogleService-Info.plist */ = {isa = PBXFileReference; fileEncoding = 4; lastKnownFileType = text.plist.xml; path = "GoogleService-Info.plist"; sourceTree = "<group>"; };
		1A4FAFAF1B7F71CE0064B8A3 /* YouTubeRouter.swift */ = {isa = PBXFileReference; fileEncoding = 4; lastKnownFileType = sourcecode.swift; path = YouTubeRouter.swift; sourceTree = "<group>"; };
		1A7A583A1B60EB7300464510 /* SliderController.swift */ = {isa = PBXFileReference; fileEncoding = 4; lastKnownFileType = sourcecode.swift; path = SliderController.swift; sourceTree = "<group>"; };
		1A85412B1B53C75C004010D9 /* NSUserDefaultsExtensions.swift */ = {isa = PBXFileReference; fileEncoding = 4; lastKnownFileType = sourcecode.swift; path = NSUserDefaultsExtensions.swift; sourceTree = "<group>"; };
		1A975F1F1B57960A003B8327 /* ChannelDao.swift */ = {isa = PBXFileReference; fileEncoding = 4; lastKnownFileType = sourcecode.swift; path = ChannelDao.swift; sourceTree = "<group>"; };
		1A975F211B579947003B8327 /* Channel.swift */ = {isa = PBXFileReference; fileEncoding = 4; lastKnownFileType = sourcecode.swift; path = Channel.swift; sourceTree = "<group>"; };
		1A975F231B579BE9003B8327 /* ChannelBL.swift */ = {isa = PBXFileReference; fileEncoding = 4; lastKnownFileType = sourcecode.swift; path = ChannelBL.swift; sourceTree = "<group>"; };
		1A9FBBB71B6A170C005B7D51 /* BoltsSwift.framework */ = {isa = PBXFileReference; lastKnownFileType = wrapper.framework; name = BoltsSwift.framework; path = "Pods/../build/Debug-iphoneos/BoltsSwift.framework"; sourceTree = "<group>"; };
		1AA0B9371B859C07001BFEB9 /* Response.swift */ = {isa = PBXFileReference; fileEncoding = 4; lastKnownFileType = sourcecode.swift; path = Response.swift; sourceTree = "<group>"; };
		1AAC05571B7C5BCA0002AD8B /* MyCellDelegate.swift */ = {isa = PBXFileReference; fileEncoding = 4; lastKnownFileType = sourcecode.swift; path = MyCellDelegate.swift; sourceTree = "<group>"; };
		1AB21AE91B5C8BF1007C5D2A /* LiveController.swift */ = {isa = PBXFileReference; fileEncoding = 4; lastKnownFileType = sourcecode.swift; path = LiveController.swift; sourceTree = "<group>"; };
		1AB21AED1B5C8C5D007C5D2A /* GameController.swift */ = {isa = PBXFileReference; fileEncoding = 4; lastKnownFileType = sourcecode.swift; path = GameController.swift; sourceTree = "<group>"; };
		1AB21AEF1B5C8C7E007C5D2A /* UserController.swift */ = {isa = PBXFileReference; fileEncoding = 4; lastKnownFileType = sourcecode.swift; path = UserController.swift; sourceTree = "<group>"; };
		1AB21AF11B5C8CE4007C5D2A /* SearchController.swift */ = {isa = PBXFileReference; fileEncoding = 4; lastKnownFileType = sourcecode.swift; path = SearchController.swift; sourceTree = "<group>"; };
		1AB21AF61B5C9445007C5D2A /* GameCell.swift */ = {isa = PBXFileReference; fileEncoding = 4; lastKnownFileType = sourcecode.swift; path = GameCell.swift; sourceTree = "<group>"; };
		1AB317551B56165F00B6C176 /* SliderBL.swift */ = {isa = PBXFileReference; fileEncoding = 4; lastKnownFileType = sourcecode.swift; path = SliderBL.swift; sourceTree = "<group>"; };
		1AB3175A1B56187400B6C176 /* SliderDao.swift */ = {isa = PBXFileReference; fileEncoding = 4; lastKnownFileType = sourcecode.swift; path = SliderDao.swift; sourceTree = "<group>"; };
		1ABA1D4B1B8C249E00D67809 /* FreedomLoginController.swift */ = {isa = PBXFileReference; fileEncoding = 4; lastKnownFileType = sourcecode.swift; path = FreedomLoginController.swift; sourceTree = "<group>"; };
		1ABA1D601B8C862700D67809 /* libxml2.2.dylib */ = {isa = PBXFileReference; lastKnownFileType = "compiled.mach-o.dylib"; name = libxml2.2.dylib; path = usr/lib/libxml2.2.dylib; sourceTree = SDKROOT; };
		1ABEFE061B61E68800BC7907 /* VideoDao.swift */ = {isa = PBXFileReference; fileEncoding = 4; lastKnownFileType = sourcecode.swift; path = VideoDao.swift; sourceTree = "<group>"; };
		1ABEFE081B61E6AB00BC7907 /* UserDao.swift */ = {isa = PBXFileReference; fileEncoding = 4; lastKnownFileType = sourcecode.swift; path = UserDao.swift; sourceTree = "<group>"; };
		1ABEFE0C1B61E6D400BC7907 /* VideoBL.swift */ = {isa = PBXFileReference; fileEncoding = 4; lastKnownFileType = sourcecode.swift; path = VideoBL.swift; sourceTree = "<group>"; };
		1ABEFE0E1B61E6E000BC7907 /* UserBL.swift */ = {isa = PBXFileReference; fileEncoding = 4; lastKnownFileType = sourcecode.swift; path = UserBL.swift; sourceTree = "<group>"; };
		1ABEFE101B61E71F00BC7907 /* User.swift */ = {isa = PBXFileReference; fileEncoding = 4; lastKnownFileType = sourcecode.swift; path = User.swift; sourceTree = "<group>"; };
		1ACBAF751B7AF3F200D8910C /* arrow.png */ = {isa = PBXFileReference; lastKnownFileType = image.png; path = arrow.png; sourceTree = "<group>"; };
		1ACBAF771B7B046200D8910C /* LiveLargeCell.swift */ = {isa = PBXFileReference; fileEncoding = 4; lastKnownFileType = sourcecode.swift; path = LiveLargeCell.swift; sourceTree = "<group>"; };
		1ACBAF791B7B047300D8910C /* LiveSmallCell.swift */ = {isa = PBXFileReference; fileEncoding = 4; lastKnownFileType = sourcecode.swift; path = LiveSmallCell.swift; sourceTree = "<group>"; };
		1ACBAF7B1B7B268F00D8910C /* Live.swift */ = {isa = PBXFileReference; fileEncoding = 4; lastKnownFileType = sourcecode.swift; path = Live.swift; sourceTree = "<group>"; };
		1ACBAF7D1B7B33C000D8910C /* LiveDao.swift */ = {isa = PBXFileReference; fileEncoding = 4; lastKnownFileType = sourcecode.swift; path = LiveDao.swift; sourceTree = "<group>"; };
		1ACBAF7F1B7B34BE00D8910C /* LiveBL.swift */ = {isa = PBXFileReference; fileEncoding = 4; lastKnownFileType = sourcecode.swift; path = LiveBL.swift; sourceTree = "<group>"; };
		1AD88AF41B74BC59002FAA8C /* SnapKit.framework */ = {isa = PBXFileReference; lastKnownFileType = wrapper.framework; name = SnapKit.framework; path = "Pods/../build/Debug-iphoneos/SnapKit.framework"; sourceTree = "<group>"; };
		1AD9C6FC1B4E1189001FE414 /* Gamers.app */ = {isa = PBXFileReference; explicitFileType = wrapper.application; includeInIndex = 0; path = Gamers.app; sourceTree = BUILT_PRODUCTS_DIR; };
		1AD9C7001B4E1189001FE414 /* Info.plist */ = {isa = PBXFileReference; lastKnownFileType = text.plist.xml; path = Info.plist; sourceTree = "<group>"; };
		1AD9C7011B4E1189001FE414 /* AppDelegate.swift */ = {isa = PBXFileReference; lastKnownFileType = sourcecode.swift; path = AppDelegate.swift; sourceTree = "<group>"; };
		1AD9C7031B4E1189001FE414 /* ViewController.swift */ = {isa = PBXFileReference; lastKnownFileType = sourcecode.swift; path = ViewController.swift; sourceTree = "<group>"; };
		1AD9C7081B4E1189001FE414 /* Images.xcassets */ = {isa = PBXFileReference; lastKnownFileType = folder.assetcatalog; path = Images.xcassets; sourceTree = "<group>"; };
		1AD9C70B1B4E1189001FE414 /* Base */ = {isa = PBXFileReference; lastKnownFileType = file.xib; name = Base; path = Base.lproj/LaunchScreen.xib; sourceTree = "<group>"; };
		1AD9C7111B4E1189001FE414 /* GamersTests.xctest */ = {isa = PBXFileReference; explicitFileType = wrapper.cfbundle; includeInIndex = 0; path = GamersTests.xctest; sourceTree = BUILT_PRODUCTS_DIR; };
		1AD9C7161B4E1189001FE414 /* Info.plist */ = {isa = PBXFileReference; lastKnownFileType = text.plist.xml; path = Info.plist; sourceTree = "<group>"; };
		1AD9C7171B4E1189001FE414 /* GamersTests.swift */ = {isa = PBXFileReference; lastKnownFileType = sourcecode.swift; path = GamersTests.swift; sourceTree = "<group>"; };
		1ADA9AEA1B54AE9E00F409B2 /* Video.swift */ = {isa = PBXFileReference; fileEncoding = 4; lastKnownFileType = sourcecode.swift; path = Video.swift; sourceTree = "<group>"; };
		1AE56FD71B65E2A70088BFE8 /* SearchCell.swift */ = {isa = PBXFileReference; fileEncoding = 4; lastKnownFileType = sourcecode.swift; path = SearchCell.swift; sourceTree = "<group>"; };
		1AE56FD91B65EB690088BFE8 /* VideoListController.swift */ = {isa = PBXFileReference; fileEncoding = 4; lastKnownFileType = sourcecode.swift; path = VideoListController.swift; sourceTree = "<group>"; };
		1AE56FDB1B65EFAB0088BFE8 /* VideoListCell.swift */ = {isa = PBXFileReference; fileEncoding = 4; lastKnownFileType = sourcecode.swift; path = VideoListCell.swift; sourceTree = "<group>"; };
		1AE56FDD1B65F10A0088BFE8 /* PlayerViewController.swift */ = {isa = PBXFileReference; fileEncoding = 4; lastKnownFileType = sourcecode.swift; path = PlayerViewController.swift; sourceTree = "<group>"; };
		1AE922511B86C8BB0033C480 /* VideoCommentController.swift */ = {isa = PBXFileReference; fileEncoding = 4; lastKnownFileType = sourcecode.swift; path = VideoCommentController.swift; sourceTree = "<group>"; };
		1AE922531B870A510033C480 /* UITableView+FDTemplateLayoutCell.h */ = {isa = PBXFileReference; fileEncoding = 4; lastKnownFileType = sourcecode.c.h; path = "UITableView+FDTemplateLayoutCell.h"; sourceTree = "<group>"; };
		1AE922541B870A510033C480 /* UITableView+FDTemplateLayoutCell.m */ = {isa = PBXFileReference; fileEncoding = 4; lastKnownFileType = sourcecode.c.objc; path = "UITableView+FDTemplateLayoutCell.m"; sourceTree = "<group>"; };
		1AEB2F9A1B79FDFC005F0A3F /* TableFooterAllCell.swift */ = {isa = PBXFileReference; fileEncoding = 4; lastKnownFileType = sourcecode.swift; path = TableFooterAllCell.swift; sourceTree = "<group>"; };
		1AEB2F9B1B79FDFC005F0A3F /* TableFooterAllCell.xib */ = {isa = PBXFileReference; fileEncoding = 4; lastKnownFileType = file.xib; path = TableFooterAllCell.xib; sourceTree = "<group>"; };
		1AEB2F9E1B7A3AD6005F0A3F /* share.png */ = {isa = PBXFileReference; lastKnownFileType = image.png; path = share.png; sourceTree = "<group>"; };
		1AEB2FA01B7A3D47005F0A3F /* ChannelListController.swift */ = {isa = PBXFileReference; fileEncoding = 4; lastKnownFileType = sourcecode.swift; path = ChannelListController.swift; sourceTree = "<group>"; };
		1AEEBC8F1B82CEDD00880AA6 /* Social.framework */ = {isa = PBXFileReference; lastKnownFileType = wrapper.framework; name = Social.framework; path = System/Library/Frameworks/Social.framework; sourceTree = SDKROOT; };
		1AEECF6D1B7724040022B69B /* ChannelHeaderCell.swift */ = {isa = PBXFileReference; fileEncoding = 4; lastKnownFileType = sourcecode.swift; path = ChannelHeaderCell.swift; sourceTree = "<group>"; };
		1AEECF6E1B7724040022B69B /* ChannelHeaderCell.xib */ = {isa = PBXFileReference; fileEncoding = 4; lastKnownFileType = file.xib; path = ChannelHeaderCell.xib; sourceTree = "<group>"; };
		1AEECF711B7727640022B69B /* HomeVideoCell.swift */ = {isa = PBXFileReference; fileEncoding = 4; lastKnownFileType = sourcecode.swift; path = HomeVideoCell.swift; sourceTree = "<group>"; };
		1AEECF721B7727640022B69B /* HomeVideoCell.xib */ = {isa = PBXFileReference; fileEncoding = 4; lastKnownFileType = file.xib; path = HomeVideoCell.xib; sourceTree = "<group>"; };
		1AEECF751B773CCA0022B69B /* TableFooterCell.swift */ = {isa = PBXFileReference; fileEncoding = 4; lastKnownFileType = sourcecode.swift; path = TableFooterCell.swift; sourceTree = "<group>"; };
		1AEECF761B773CCA0022B69B /* TableFooterCell.xib */ = {isa = PBXFileReference; fileEncoding = 4; lastKnownFileType = file.xib; path = TableFooterCell.xib; sourceTree = "<group>"; };
		1AF8D53B1B9198B30086D932 /* GameSearchController.swift */ = {isa = PBXFileReference; fileEncoding = 4; lastKnownFileType = sourcecode.swift; path = GameSearchController.swift; sourceTree = "<group>"; };
		1AFC1A0B1B58F3C2006D9667 /* GameDao.swift */ = {isa = PBXFileReference; fileEncoding = 4; lastKnownFileType = sourcecode.swift; path = GameDao.swift; sourceTree = "<group>"; };
		1AFC1A0D1B58F92B006D9667 /* GameBL.swift */ = {isa = PBXFileReference; fileEncoding = 4; lastKnownFileType = sourcecode.swift; path = GameBL.swift; sourceTree = "<group>"; };
		1AFC1A0F1B58F9C4006D9667 /* Game.swift */ = {isa = PBXFileReference; fileEncoding = 4; lastKnownFileType = sourcecode.swift; path = Game.swift; sourceTree = "<group>"; };
		95CE501D2FE999EB726937C3 /* Pods.release.xcconfig */ = {isa = PBXFileReference; includeInIndex = 1; lastKnownFileType = text.xcconfig; name = Pods.release.xcconfig; path = "Pods/Target Support Files/Pods/Pods.release.xcconfig"; sourceTree = "<group>"; };
		B650F3B2EE9521FF09385F5C /* Pods.debug.xcconfig */ = {isa = PBXFileReference; includeInIndex = 1; lastKnownFileType = text.xcconfig; name = Pods.debug.xcconfig; path = "Pods/Target Support Files/Pods/Pods.debug.xcconfig"; sourceTree = "<group>"; };
/* End PBXFileReference section */

/* Begin PBXFrameworksBuildPhase section */
		1AD9C6F91B4E1189001FE414 /* Frameworks */ = {
			isa = PBXFrameworksBuildPhase;
			buildActionMask = 2147483647;
			files = (
				1AEEBC901B82CEDD00880AA6 /* Social.framework in Frameworks */,
				BFB65631586F7D1AC2F31F2A /* Pods.framework in Frameworks */,
			);
			runOnlyForDeploymentPostprocessing = 0;
		};
		1AD9C70E1B4E1189001FE414 /* Frameworks */ = {
			isa = PBXFrameworksBuildPhase;
			buildActionMask = 2147483647;
			files = (
			);
			runOnlyForDeploymentPostprocessing = 0;
		};
/* End PBXFrameworksBuildPhase section */

/* Begin PBXGroup section */
		1A30159E1B4E16BA00EB9965 /* Models */ = {
			isa = PBXGroup;
			children = (
				1ADA9AEA1B54AE9E00F409B2 /* Video.swift */,
				1A32FD111B54BA680040E94C /* Thumbnail.swift */,
				1A32FD131B54BD170040E94C /* ModelSerializable.swift */,
				1A32FD151B54BD660040E94C /* Slider.swift */,
				1A0351FB1B54CB7A007372F8 /* News.swift */,
				1A975F211B579947003B8327 /* Channel.swift */,
				1AFC1A0F1B58F9C4006D9667 /* Game.swift */,
				1ABEFE101B61E71F00BC7907 /* User.swift */,
				1A01F4171B6F479A0042480B /* Comment.swift */,
				1ACBAF7B1B7B268F00D8910C /* Live.swift */,
				1AA0B9371B859C07001BFEB9 /* Response.swift */,
			);
			path = Models;
			sourceTree = "<group>";
		};
		1A30159F1B4E16BA00EB9965 /* Utilities */ = {
			isa = PBXGroup;
			children = (
				1A32FD0D1B54B91D0040E94C /* Router.swift */,
				1A4FAFAF1B7F71CE0064B8A3 /* YouTubeRouter.swift */,
				1A85412B1B53C75C004010D9 /* NSUserDefaultsExtensions.swift */,
				1A32FD0F1B54B9BA0040E94C /* NSDateExtensions.swift */,
				1A32264F1B7D9411001F7C52 /* RoundImage.swift */,
			);
			path = Utilities;
			sourceTree = "<group>";
		};
		1A3015A11B4E16BA00EB9965 /* Views */ = {
			isa = PBXGroup;
			children = (
				1A32FD1A1B54C1000040E94C /* HomeController.swift */,
				1AEB2FA01B7A3D47005F0A3F /* ChannelListController.swift */,
				1A4181DB1B71A94000927C21 /* FreedomController.swift */,
				1AB21AE91B5C8BF1007C5D2A /* LiveController.swift */,
				1A4181A61B709BA900927C21 /* TwitchPlayerController.swift */,
				1AB21AED1B5C8C5D007C5D2A /* GameController.swift */,
				1AF8D53B1B9198B30086D932 /* GameSearchController.swift */,
				1AB21AF11B5C8CE4007C5D2A /* SearchController.swift */,
				1A7A583A1B60EB7300464510 /* SliderController.swift */,
				1AE56FD91B65EB690088BFE8 /* VideoListController.swift */,
				1AE56FDD1B65F10A0088BFE8 /* PlayerViewController.swift */,
				1A01F4151B6F214D0042480B /* VideoInfoController.swift */,
				1A01F4111B6F210B0042480B /* VideoRelateController.swift */,
				1AE922511B86C8BB0033C480 /* VideoCommentController.swift */,
				1AB21AEF1B5C8C7E007C5D2A /* UserController.swift */,
				1A1D2C7D1B7322A600112A4F /* UserInfoController.swift */,
				1A1D2C791B731C5600112A4F /* UserFollowController.swift */,
				1A2235B31B93F4B600F7B8B9 /* ChannelVideoController.swift */,
				1A1D2C751B73190B00112A4F /* UserHistoryController.swift */,
				1A1D2C731B73134300112A4F /* SystemController.swift */,
				1A1D2C6F1B72FFF300112A4F /* NewGameController.swift */,
				1A1D2C7F1B7346FD00112A4F /* LoginController.swift */,
				1ABA1D4B1B8C249E00D67809 /* FreedomLoginController.swift */,
				1A1D2C811B73478000112A4F /* RegisterController.swift */,
				1A1D2C831B73550200112A4F /* ForgetPWDController.swift */,
			);
			path = Views;
			sourceTree = "<group>";
		};
		1AB21AF51B5C9433007C5D2A /* ViewModels */ = {
			isa = PBXGroup;
			children = (
				1AB21AF61B5C9445007C5D2A /* GameCell.swift */,
				1AE56FD71B65E2A70088BFE8 /* SearchCell.swift */,
				1AE56FDB1B65EFAB0088BFE8 /* VideoListCell.swift */,
				1A01F40D1B6F20AA0042480B /* VideoCommentCell.swift */,
				1A01F40F1B6F20C50042480B /* VideoRelateCell.swift */,
				1A1D2C711B73002200112A4F /* NewGameCell.swift */,
				1AEECF6D1B7724040022B69B /* ChannelHeaderCell.swift */,
				1AEECF6E1B7724040022B69B /* ChannelHeaderCell.xib */,
				1A0836C81B78D40A00286911 /* GameHeaderCell.swift */,
				1A0836C91B78D40A00286911 /* GameHeaderCell.xib */,
				1AEECF711B7727640022B69B /* HomeVideoCell.swift */,
				1AEECF721B7727640022B69B /* HomeVideoCell.xib */,
				1AEECF751B773CCA0022B69B /* TableFooterCell.swift */,
				1AEECF761B773CCA0022B69B /* TableFooterCell.xib */,
				1AEB2F9A1B79FDFC005F0A3F /* TableFooterAllCell.swift */,
				1AEB2F9B1B79FDFC005F0A3F /* TableFooterAllCell.xib */,
				1ACBAF771B7B046200D8910C /* LiveLargeCell.swift */,
				1ACBAF791B7B047300D8910C /* LiveSmallCell.swift */,
				1AAC05571B7C5BCA0002AD8B /* MyCellDelegate.swift */,
				1A3226591B7DE648001F7C52 /* MyTextField.swift */,
				1A0038031B8D9274008307A6 /* UserHistoryCell.swift */,
				1A2235B11B93EE0700F7B8B9 /* UserFollowCell.swift */,
			);
			path = ViewModels;
			sourceTree = "<group>";
		};
		1AB317541B5615CF00B6C176 /* Service */ = {
			isa = PBXGroup;
			children = (
				1AB317551B56165F00B6C176 /* SliderBL.swift */,
				1A975F231B579BE9003B8327 /* ChannelBL.swift */,
				1AFC1A0D1B58F92B006D9667 /* GameBL.swift */,
				1ABEFE0C1B61E6D400BC7907 /* VideoBL.swift */,
				1ABEFE0E1B61E6E000BC7907 /* UserBL.swift */,
				1ACBAF7F1B7B34BE00D8910C /* LiveBL.swift */,
			);
			path = Service;
			sourceTree = "<group>";
		};
		1AB317591B56182F00B6C176 /* Dao */ = {
			isa = PBXGroup;
			children = (
				1AB3175A1B56187400B6C176 /* SliderDao.swift */,
				1A975F1F1B57960A003B8327 /* ChannelDao.swift */,
				1AFC1A0B1B58F3C2006D9667 /* GameDao.swift */,
				1ABEFE061B61E68800BC7907 /* VideoDao.swift */,
				1ABEFE081B61E6AB00BC7907 /* UserDao.swift */,
				1ACBAF7D1B7B33C000D8910C /* LiveDao.swift */,
			);
			path = Dao;
			sourceTree = "<group>";
		};
		1AD9C6F31B4E1189001FE414 = {
			isa = PBXGroup;
			children = (
				1AD9C6FE1B4E1189001FE414 /* Gamers */,
				1AD9C7141B4E1189001FE414 /* GamersTests */,
				1AD9C6FD1B4E1189001FE414 /* Products */,
				F3C407DDCFB1FC6812A78B08 /* Pods */,
				4461925849268B25231F8378 /* Frameworks */,
			);
			sourceTree = "<group>";
		};
		1AD9C6FD1B4E1189001FE414 /* Products */ = {
			isa = PBXGroup;
			children = (
				1AD9C6FC1B4E1189001FE414 /* Gamers.app */,
				1AD9C7111B4E1189001FE414 /* GamersTests.xctest */,
			);
			name = Products;
			sourceTree = "<group>";
		};
		1AD9C6FE1B4E1189001FE414 /* Gamers */ = {
			isa = PBXGroup;
			children = (
				1AB317591B56182F00B6C176 /* Dao */,
				1AB317541B5615CF00B6C176 /* Service */,
				1A30159E1B4E16BA00EB9965 /* Models */,
				1A30159F1B4E16BA00EB9965 /* Utilities */,
				1AB21AF51B5C9433007C5D2A /* ViewModels */,
				1A3015A11B4E16BA00EB9965 /* Views */,
				1AD9C7011B4E1189001FE414 /* AppDelegate.swift */,
				1AD9C7031B4E1189001FE414 /* ViewController.swift */,
				1A4181A31B709B4D00927C21 /* Main.storyboard */,
				1AD9C7081B4E1189001FE414 /* Images.xcassets */,
				1AD9C70A1B4E1189001FE414 /* LaunchScreen.xib */,
				1AFC1A061B58ED74006D9667 /* Images */,
				1AD9C6FF1B4E1189001FE414 /* Supporting Files */,
			);
			path = Gamers;
			sourceTree = "<group>";
		};
		1AD9C6FF1B4E1189001FE414 /* Supporting Files */ = {
			isa = PBXGroup;
			children = (
				1AE922531B870A510033C480 /* UITableView+FDTemplateLayoutCell.h */,
				1AE922541B870A510033C480 /* UITableView+FDTemplateLayoutCell.m */,
				1A4FAFAD1B7F2DA10064B8A3 /* GoogleService-Info.plist */,
				1A2BE3DB1B6E0F8800F787CC /* YTPlayerView-iframe-player.html */,
				1AD9C7001B4E1189001FE414 /* Info.plist */,
				1A3015AC1B4E1F7600EB9965 /* Gamers-Bridging-Header.h */,
			);
			name = "Supporting Files";
			sourceTree = "<group>";
		};
		1AD9C7141B4E1189001FE414 /* GamersTests */ = {
			isa = PBXGroup;
			children = (
				1AD9C7171B4E1189001FE414 /* GamersTests.swift */,
				1AD9C7151B4E1189001FE414 /* Supporting Files */,
			);
			path = GamersTests;
			sourceTree = "<group>";
		};
		1AD9C7151B4E1189001FE414 /* Supporting Files */ = {
			isa = PBXGroup;
			children = (
				1AD9C7161B4E1189001FE414 /* Info.plist */,
			);
			name = "Supporting Files";
			sourceTree = "<group>";
		};
		1AFC1A061B58ED74006D9667 /* Images */ = {
			isa = PBXGroup;
			children = (
				1A23C2AE1B8463D700AF5860 /* game-front-cover.png */,
				1A23C2AF1B8463D700AF5860 /* navigation-bar.png */,
				1A23C2B01B8463D700AF5860 /* triangle.png */,
				1A23D7831B833E9C001AAAAD /* password.png */,
				1A23D7841B833E9C001AAAAD /* username.png */,
				1A28D41D1B831DE000F1424F /* placeholder.png */,
				1A28D41B1B831D3B00F1424F /* sliders.png */,
				1A4FAFAB1B7F29D10064B8A3 /* Default-568h@2x.png */,
				1A3226511B7D9B29001F7C52 /* user.png */,
				1ACBAF751B7AF3F200D8910C /* arrow.png */,
				1AEB2F9E1B7A3AD6005F0A3F /* share.png */,
				1A30F74A1B7CCA5A00A2CADF /* more.png */,
			);
			path = Images;
			sourceTree = "<group>";
		};
		4461925849268B25231F8378 /* Frameworks */ = {
			isa = PBXGroup;
			children = (
				1ABA1D601B8C862700D67809 /* libxml2.2.dylib */,
				1AEEBC8F1B82CEDD00880AA6 /* Social.framework */,
				1AD88AF41B74BC59002FAA8C /* SnapKit.framework */,
				1A9FBBB71B6A170C005B7D51 /* BoltsSwift.framework */,
				1A3015C01B4E1FE600EB9965 /* libsqlite3.0.dylib */,
				13C9A99EAE8865D0018A7B3F /* Pods.framework */,
			);
			name = Frameworks;
			sourceTree = "<group>";
		};
		F3C407DDCFB1FC6812A78B08 /* Pods */ = {
			isa = PBXGroup;
			children = (
				B650F3B2EE9521FF09385F5C /* Pods.debug.xcconfig */,
				95CE501D2FE999EB726937C3 /* Pods.release.xcconfig */,
			);
			name = Pods;
			sourceTree = "<group>";
		};
/* End PBXGroup section */

/* Begin PBXNativeTarget section */
		1AD9C6FB1B4E1189001FE414 /* Gamers */ = {
			isa = PBXNativeTarget;
			buildConfigurationList = 1AD9C71B1B4E1189001FE414 /* Build configuration list for PBXNativeTarget "Gamers" */;
			buildPhases = (
				F9D9AE386FBB96C0B5DDDFB0 /* Check Pods Manifest.lock */,
				1AD9C6F81B4E1189001FE414 /* Sources */,
				1AD9C6F91B4E1189001FE414 /* Frameworks */,
				1AD9C6FA1B4E1189001FE414 /* Resources */,
				7DAD354A060AAF398EF0D26D /* Embed Pods Frameworks */,
				1337E1C204B0022210B11A68 /* Copy Pods Resources */,
			);
			buildRules = (
			);
			dependencies = (
			);
			name = Gamers;
			productName = Gamers;
			productReference = 1AD9C6FC1B4E1189001FE414 /* Gamers.app */;
			productType = "com.apple.product-type.application";
		};
		1AD9C7101B4E1189001FE414 /* GamersTests */ = {
			isa = PBXNativeTarget;
			buildConfigurationList = 1AD9C71E1B4E1189001FE414 /* Build configuration list for PBXNativeTarget "GamersTests" */;
			buildPhases = (
				1AD9C70D1B4E1189001FE414 /* Sources */,
				1AD9C70E1B4E1189001FE414 /* Frameworks */,
				1AD9C70F1B4E1189001FE414 /* Resources */,
			);
			buildRules = (
			);
			dependencies = (
				1AD9C7131B4E1189001FE414 /* PBXTargetDependency */,
			);
			name = GamersTests;
			productName = GamersTests;
			productReference = 1AD9C7111B4E1189001FE414 /* GamersTests.xctest */;
			productType = "com.apple.product-type.bundle.unit-test";
		};
/* End PBXNativeTarget section */

/* Begin PBXProject section */
		1AD9C6F41B4E1189001FE414 /* Project object */ = {
			isa = PBXProject;
			attributes = {
				LastUpgradeCheck = 0640;
				ORGANIZATIONNAME = Freedom;
				TargetAttributes = {
					1AD9C6FB1B4E1189001FE414 = {
						CreatedOnToolsVersion = 6.4;
						DevelopmentTeam = FRXE6H33GD;
					};
					1AD9C7101B4E1189001FE414 = {
						CreatedOnToolsVersion = 6.4;
						TestTargetID = 1AD9C6FB1B4E1189001FE414;
					};
				};
			};
			buildConfigurationList = 1AD9C6F71B4E1189001FE414 /* Build configuration list for PBXProject "Gamers" */;
			compatibilityVersion = "Xcode 3.2";
			developmentRegion = English;
			hasScannedForEncodings = 0;
			knownRegions = (
				en,
				Base,
			);
			mainGroup = 1AD9C6F31B4E1189001FE414;
			productRefGroup = 1AD9C6FD1B4E1189001FE414 /* Products */;
			projectDirPath = "";
			projectRoot = "";
			targets = (
				1AD9C6FB1B4E1189001FE414 /* Gamers */,
				1AD9C7101B4E1189001FE414 /* GamersTests */,
			);
		};
/* End PBXProject section */

/* Begin PBXResourcesBuildPhase section */
		1AD9C6FA1B4E1189001FE414 /* Resources */ = {
			isa = PBXResourcesBuildPhase;
			buildActionMask = 2147483647;
			files = (
				1AEECF741B7727640022B69B /* HomeVideoCell.xib in Resources */,
				1AEECF701B7724040022B69B /* ChannelHeaderCell.xib in Resources */,
				1A28D41C1B831D3B00F1424F /* sliders.png in Resources */,
				1A4181A51B709B4D00927C21 /* Main.storyboard in Resources */,
				1AEB2F9F1B7A3AD6005F0A3F /* share.png in Resources */,
				1A23C2B21B8463D700AF5860 /* navigation-bar.png in Resources */,
				1A30F74B1B7CCA5A00A2CADF /* more.png in Resources */,
				1AD9C70C1B4E1189001FE414 /* LaunchScreen.xib in Resources */,
				1A28D41E1B831DE000F1424F /* placeholder.png in Resources */,
				1A0836CB1B78D40A00286911 /* GameHeaderCell.xib in Resources */,
				1A3226521B7D9B29001F7C52 /* user.png in Resources */,
				1A4FAFAE1B7F2DA10064B8A3 /* GoogleService-Info.plist in Resources */,
				1A23C2B31B8463D700AF5860 /* triangle.png in Resources */,
				1A4FAFAC1B7F29D10064B8A3 /* Default-568h@2x.png in Resources */,
				1AEB2F9D1B79FDFC005F0A3F /* TableFooterAllCell.xib in Resources */,
				1A23D7851B833E9C001AAAAD /* password.png in Resources */,
				1A23D7861B833E9C001AAAAD /* username.png in Resources */,
				1A23C2B11B8463D700AF5860 /* game-front-cover.png in Resources */,
				1AEECF781B773CCA0022B69B /* TableFooterCell.xib in Resources */,
				1A2BE3DC1B6E0F8800F787CC /* YTPlayerView-iframe-player.html in Resources */,
				1ACBAF761B7AF3F200D8910C /* arrow.png in Resources */,
				1AD9C7091B4E1189001FE414 /* Images.xcassets in Resources */,
			);
			runOnlyForDeploymentPostprocessing = 0;
		};
		1AD9C70F1B4E1189001FE414 /* Resources */ = {
			isa = PBXResourcesBuildPhase;
			buildActionMask = 2147483647;
			files = (
			);
			runOnlyForDeploymentPostprocessing = 0;
		};
/* End PBXResourcesBuildPhase section */

/* Begin PBXShellScriptBuildPhase section */
		1337E1C204B0022210B11A68 /* Copy Pods Resources */ = {
			isa = PBXShellScriptBuildPhase;
			buildActionMask = 2147483647;
			files = (
			);
			inputPaths = (
			);
			name = "Copy Pods Resources";
			outputPaths = (
			);
			runOnlyForDeploymentPostprocessing = 0;
			shellPath = /bin/sh;
			shellScript = "\"${SRCROOT}/Pods/Target Support Files/Pods/Pods-resources.sh\"\n";
			showEnvVarsInLog = 0;
		};
		7DAD354A060AAF398EF0D26D /* Embed Pods Frameworks */ = {
			isa = PBXShellScriptBuildPhase;
			buildActionMask = 2147483647;
			files = (
			);
			inputPaths = (
			);
			name = "Embed Pods Frameworks";
			outputPaths = (
			);
			runOnlyForDeploymentPostprocessing = 0;
			shellPath = /bin/sh;
			shellScript = "\"${SRCROOT}/Pods/Target Support Files/Pods/Pods-frameworks.sh\"\n";
			showEnvVarsInLog = 0;
		};
		F9D9AE386FBB96C0B5DDDFB0 /* Check Pods Manifest.lock */ = {
			isa = PBXShellScriptBuildPhase;
			buildActionMask = 2147483647;
			files = (
			);
			inputPaths = (
			);
			name = "Check Pods Manifest.lock";
			outputPaths = (
			);
			runOnlyForDeploymentPostprocessing = 0;
			shellPath = /bin/sh;
			shellScript = "diff \"${PODS_ROOT}/../Podfile.lock\" \"${PODS_ROOT}/Manifest.lock\" > /dev/null\nif [[ $? != 0 ]] ; then\n    cat << EOM\nerror: The sandbox is not in sync with the Podfile.lock. Run 'pod install' or update your CocoaPods installation.\nEOM\n    exit 1\nfi\n";
			showEnvVarsInLog = 0;
		};
/* End PBXShellScriptBuildPhase section */

/* Begin PBXSourcesBuildPhase section */
		1AD9C6F81B4E1189001FE414 /* Sources */ = {
			isa = PBXSourcesBuildPhase;
			buildActionMask = 2147483647;
			files = (
				1A1D2C721B73002200112A4F /* NewGameCell.swift in Sources */,
				1A0038041B8D9274008307A6 /* UserHistoryCell.swift in Sources */,
				1AB21AF21B5C8CE4007C5D2A /* SearchController.swift in Sources */,
				1A32FD121B54BA680040E94C /* Thumbnail.swift in Sources */,
				1A01F4161B6F214D0042480B /* VideoInfoController.swift in Sources */,
				1AFC1A101B58F9C4006D9667 /* Game.swift in Sources */,
				1ABEFE0D1B61E6D400BC7907 /* VideoBL.swift in Sources */,
				1A1D2C741B73134300112A4F /* SystemController.swift in Sources */,
				1AFC1A0E1B58F92B006D9667 /* GameBL.swift in Sources */,
				1A2235B21B93EE0700F7B8B9 /* UserFollowCell.swift in Sources */,
				1AEECF731B7727640022B69B /* HomeVideoCell.swift in Sources */,
				1ABEFE071B61E68800BC7907 /* VideoDao.swift in Sources */,
				1A32FD101B54B9BA0040E94C /* NSDateExtensions.swift in Sources */,
				1A1D2C7E1B7322A600112A4F /* UserInfoController.swift in Sources */,
				1A1D2C761B73190B00112A4F /* UserHistoryController.swift in Sources */,
				1ACBAF7A1B7B047300D8910C /* LiveSmallCell.swift in Sources */,
				1AE922521B86C8BB0033C480 /* VideoCommentController.swift in Sources */,
				1A32265A1B7DE648001F7C52 /* MyTextField.swift in Sources */,
				1AB21AF01B5C8C7E007C5D2A /* UserController.swift in Sources */,
				1AEB2FA11B7A3D47005F0A3F /* ChannelListController.swift in Sources */,
				1A32FD1B1B54C1000040E94C /* HomeController.swift in Sources */,
				1AB21AF71B5C9445007C5D2A /* GameCell.swift in Sources */,
				1A1D2C701B72FFF300112A4F /* NewGameController.swift in Sources */,
				1AD9C7041B4E1189001FE414 /* ViewController.swift in Sources */,
				1A32FD141B54BD170040E94C /* ModelSerializable.swift in Sources */,
				1A01F4121B6F210B0042480B /* VideoRelateController.swift in Sources */,
				1AEECF6F1B7724040022B69B /* ChannelHeaderCell.swift in Sources */,
				1A975F241B579BE9003B8327 /* ChannelBL.swift in Sources */,
				1A1D2C841B73550200112A4F /* ForgetPWDController.swift in Sources */,
				1AE56FDC1B65EFAB0088BFE8 /* VideoListCell.swift in Sources */,
				1A1D2C801B7346FD00112A4F /* LoginController.swift in Sources */,
				1ACBAF801B7B34BE00D8910C /* LiveBL.swift in Sources */,
				1AEB2F9C1B79FDFC005F0A3F /* TableFooterAllCell.swift in Sources */,
				1A7A583B1B60EB7300464510 /* SliderController.swift in Sources */,
				1A1D2C821B73478000112A4F /* RegisterController.swift in Sources */,
				1AE56FDA1B65EB690088BFE8 /* VideoListController.swift in Sources */,
				1AEECF771B773CCA0022B69B /* TableFooterCell.swift in Sources */,
				1AE922551B870A510033C480 /* UITableView+FDTemplateLayoutCell.m in Sources */,
				1AB21AEA1B5C8BF1007C5D2A /* LiveController.swift in Sources */,
				1A01F40E1B6F20AA0042480B /* VideoCommentCell.swift in Sources */,
				1ACBAF7C1B7B268F00D8910C /* Live.swift in Sources */,
				1AA0B9381B859C07001BFEB9 /* Response.swift in Sources */,
				1A4181DC1B71A94000927C21 /* FreedomController.swift in Sources */,
				1A3226501B7D9411001F7C52 /* RoundImage.swift in Sources */,
				1A01F4101B6F20C50042480B /* VideoRelateCell.swift in Sources */,
				1A4181A71B709BA900927C21 /* TwitchPlayerController.swift in Sources */,
				1A32FD0E1B54B91D0040E94C /* Router.swift in Sources */,
				1AE56FDE1B65F10A0088BFE8 /* PlayerViewController.swift in Sources */,
				1AD9C7021B4E1189001FE414 /* AppDelegate.swift in Sources */,
				1ABEFE0F1B61E6E000BC7907 /* UserBL.swift in Sources */,
				1A32FD161B54BD660040E94C /* Slider.swift in Sources */,
				1AB21AEE1B5C8C5D007C5D2A /* GameController.swift in Sources */,
				1ABA1D4C1B8C249E00D67809 /* FreedomLoginController.swift in Sources */,
				1A2235B41B93F4B600F7B8B9 /* ChannelVideoController.swift in Sources */,
				1ABEFE091B61E6AB00BC7907 /* UserDao.swift in Sources */,
				1A01F4181B6F479A0042480B /* Comment.swift in Sources */,
				1A975F221B579947003B8327 /* Channel.swift in Sources */,
				1A4FAFB01B7F71CE0064B8A3 /* YouTubeRouter.swift in Sources */,
				1AAC05581B7C5BCA0002AD8B /* MyCellDelegate.swift in Sources */,
				1A1D2C7A1B731C5600112A4F /* UserFollowController.swift in Sources */,
				1ACBAF7E1B7B33C000D8910C /* LiveDao.swift in Sources */,
				1A975F201B57960A003B8327 /* ChannelDao.swift in Sources */,
				1A85412C1B53C75C004010D9 /* NSUserDefaultsExtensions.swift in Sources */,
				1ACBAF781B7B046200D8910C /* LiveLargeCell.swift in Sources */,
				1ADA9AEB1B54AE9E00F409B2 /* Video.swift in Sources */,
				1AB317561B56165F00B6C176 /* SliderBL.swift in Sources */,
				1A0351FC1B54CB7A007372F8 /* News.swift in Sources */,
				1AF8D53C1B9198B30086D932 /* GameSearchController.swift in Sources */,
				1A0836CA1B78D40A00286911 /* GameHeaderCell.swift in Sources */,
				1AFC1A0C1B58F3C2006D9667 /* GameDao.swift in Sources */,
				1AB3175B1B56187400B6C176 /* SliderDao.swift in Sources */,
				1AE56FD81B65E2A70088BFE8 /* SearchCell.swift in Sources */,
				1ABEFE111B61E71F00BC7907 /* User.swift in Sources */,
			);
			runOnlyForDeploymentPostprocessing = 0;
		};
		1AD9C70D1B4E1189001FE414 /* Sources */ = {
			isa = PBXSourcesBuildPhase;
			buildActionMask = 2147483647;
			files = (
				1AD9C7181B4E1189001FE414 /* GamersTests.swift in Sources */,
			);
			runOnlyForDeploymentPostprocessing = 0;
		};
/* End PBXSourcesBuildPhase section */

/* Begin PBXTargetDependency section */
		1AD9C7131B4E1189001FE414 /* PBXTargetDependency */ = {
			isa = PBXTargetDependency;
			target = 1AD9C6FB1B4E1189001FE414 /* Gamers */;
			targetProxy = 1AD9C7121B4E1189001FE414 /* PBXContainerItemProxy */;
		};
/* End PBXTargetDependency section */

/* Begin PBXVariantGroup section */
		1A4181A31B709B4D00927C21 /* Main.storyboard */ = {
			isa = PBXVariantGroup;
			children = (
				1A4181A41B709B4D00927C21 /* Base */,
			);
			name = Main.storyboard;
			sourceTree = "<group>";
		};
		1AD9C70A1B4E1189001FE414 /* LaunchScreen.xib */ = {
			isa = PBXVariantGroup;
			children = (
				1AD9C70B1B4E1189001FE414 /* Base */,
			);
			name = LaunchScreen.xib;
			sourceTree = "<group>";
		};
/* End PBXVariantGroup section */

/* Begin XCBuildConfiguration section */
		1AD9C7191B4E1189001FE414 /* Debug */ = {
			isa = XCBuildConfiguration;
			buildSettings = {
				ALWAYS_SEARCH_USER_PATHS = NO;
				CLANG_CXX_LANGUAGE_STANDARD = "gnu++0x";
				CLANG_CXX_LIBRARY = "libc++";
				CLANG_ENABLE_MODULES = YES;
				CLANG_ENABLE_OBJC_ARC = YES;
				CLANG_WARN_BOOL_CONVERSION = YES;
				CLANG_WARN_CONSTANT_CONVERSION = YES;
				CLANG_WARN_DIRECT_OBJC_ISA_USAGE = YES_ERROR;
				CLANG_WARN_EMPTY_BODY = YES;
				CLANG_WARN_ENUM_CONVERSION = YES;
				CLANG_WARN_INT_CONVERSION = YES;
				CLANG_WARN_OBJC_ROOT_CLASS = YES_ERROR;
				CLANG_WARN_UNREACHABLE_CODE = YES;
				CLANG_WARN__DUPLICATE_METHOD_MATCH = YES;
				"CODE_SIGN_IDENTITY[sdk=iphoneos*]" = "iPhone Developer";
				COPY_PHASE_STRIP = NO;
				DEBUG_INFORMATION_FORMAT = "dwarf-with-dsym";
				ENABLE_STRICT_OBJC_MSGSEND = YES;
				GCC_C_LANGUAGE_STANDARD = gnu99;
				GCC_DYNAMIC_NO_PIC = NO;
				GCC_NO_COMMON_BLOCKS = YES;
				GCC_OPTIMIZATION_LEVEL = 0;
				GCC_PREPROCESSOR_DEFINITIONS = (
					"DEBUG=1",
					"$(inherited)",
				);
				GCC_SYMBOLS_PRIVATE_EXTERN = NO;
				GCC_WARN_64_TO_32_BIT_CONVERSION = YES;
				GCC_WARN_ABOUT_RETURN_TYPE = YES_ERROR;
				GCC_WARN_UNDECLARED_SELECTOR = YES;
				GCC_WARN_UNINITIALIZED_AUTOS = YES_AGGRESSIVE;
				GCC_WARN_UNUSED_FUNCTION = YES;
				GCC_WARN_UNUSED_VARIABLE = YES;
				IPHONEOS_DEPLOYMENT_TARGET = 8.4;
				MTL_ENABLE_DEBUG_INFO = YES;
				ONLY_ACTIVE_ARCH = YES;
				SDKROOT = iphoneos;
				SWIFT_OPTIMIZATION_LEVEL = "-Onone";
			};
			name = Debug;
		};
		1AD9C71A1B4E1189001FE414 /* Release */ = {
			isa = XCBuildConfiguration;
			buildSettings = {
				ALWAYS_SEARCH_USER_PATHS = NO;
				CLANG_CXX_LANGUAGE_STANDARD = "gnu++0x";
				CLANG_CXX_LIBRARY = "libc++";
				CLANG_ENABLE_MODULES = YES;
				CLANG_ENABLE_OBJC_ARC = YES;
				CLANG_WARN_BOOL_CONVERSION = YES;
				CLANG_WARN_CONSTANT_CONVERSION = YES;
				CLANG_WARN_DIRECT_OBJC_ISA_USAGE = YES_ERROR;
				CLANG_WARN_EMPTY_BODY = YES;
				CLANG_WARN_ENUM_CONVERSION = YES;
				CLANG_WARN_INT_CONVERSION = YES;
				CLANG_WARN_OBJC_ROOT_CLASS = YES_ERROR;
				CLANG_WARN_UNREACHABLE_CODE = YES;
				CLANG_WARN__DUPLICATE_METHOD_MATCH = YES;
				"CODE_SIGN_IDENTITY[sdk=iphoneos*]" = "iPhone Developer";
				COPY_PHASE_STRIP = NO;
				DEBUG_INFORMATION_FORMAT = "dwarf-with-dsym";
				ENABLE_NS_ASSERTIONS = NO;
				ENABLE_STRICT_OBJC_MSGSEND = YES;
				GCC_C_LANGUAGE_STANDARD = gnu99;
				GCC_NO_COMMON_BLOCKS = YES;
				GCC_WARN_64_TO_32_BIT_CONVERSION = YES;
				GCC_WARN_ABOUT_RETURN_TYPE = YES_ERROR;
				GCC_WARN_UNDECLARED_SELECTOR = YES;
				GCC_WARN_UNINITIALIZED_AUTOS = YES_AGGRESSIVE;
				GCC_WARN_UNUSED_FUNCTION = YES;
				GCC_WARN_UNUSED_VARIABLE = YES;
				IPHONEOS_DEPLOYMENT_TARGET = 8.4;
				MTL_ENABLE_DEBUG_INFO = NO;
				SDKROOT = iphoneos;
				VALIDATE_PRODUCT = YES;
			};
			name = Release;
		};
		1AD9C71C1B4E1189001FE414 /* Debug */ = {
			isa = XCBuildConfiguration;
			baseConfigurationReference = B650F3B2EE9521FF09385F5C /* Pods.debug.xcconfig */;
			buildSettings = {
				ASSETCATALOG_COMPILER_APPICON_NAME = AppIcon;
				ASSETCATALOG_COMPILER_LAUNCHIMAGE_NAME = LaunchImage;
				CLANG_ENABLE_MODULES = YES;
				CODE_SIGN_IDENTITY = "iPhone Developer";
				FRAMEWORK_SEARCH_PATHS = "";
				INFOPLIST_FILE = Gamers/Info.plist;
				LD_RUNPATH_SEARCH_PATHS = "$(inherited) @executable_path/Frameworks";
				PRODUCT_NAME = "$(TARGET_NAME)";
				SWIFT_OBJC_BRIDGING_HEADER = "Gamers/Gamers-Bridging-Header.h";
				SWIFT_OPTIMIZATION_LEVEL = "-Onone";
			};
			name = Debug;
		};
		1AD9C71D1B4E1189001FE414 /* Release */ = {
			isa = XCBuildConfiguration;
			baseConfigurationReference = 95CE501D2FE999EB726937C3 /* Pods.release.xcconfig */;
			buildSettings = {
				ASSETCATALOG_COMPILER_APPICON_NAME = AppIcon;
				ASSETCATALOG_COMPILER_LAUNCHIMAGE_NAME = LaunchImage;
				CLANG_ENABLE_MODULES = YES;
				CODE_SIGN_IDENTITY = "iPhone Developer";
				FRAMEWORK_SEARCH_PATHS = "$(inherited)";
				INFOPLIST_FILE = Gamers/Info.plist;
				LD_RUNPATH_SEARCH_PATHS = "$(inherited) @executable_path/Frameworks";
				PRODUCT_NAME = "$(TARGET_NAME)";
				SWIFT_OBJC_BRIDGING_HEADER = "Gamers/Gamers-Bridging-Header.h";
			};
			name = Release;
		};
		1AD9C71F1B4E1189001FE414 /* Debug */ = {
			isa = XCBuildConfiguration;
			buildSettings = {
				BUNDLE_LOADER = "$(TEST_HOST)";
				FRAMEWORK_SEARCH_PATHS = (
					"$(SDKROOT)/Developer/Library/Frameworks",
					"$(inherited)",
				);
				GCC_PREPROCESSOR_DEFINITIONS = (
					"DEBUG=1",
					"$(inherited)",
				);
				INFOPLIST_FILE = GamersTests/Info.plist;
				LD_RUNPATH_SEARCH_PATHS = "$(inherited) @executable_path/Frameworks @loader_path/Frameworks";
				PRODUCT_NAME = "$(TARGET_NAME)";
				TEST_HOST = "$(BUILT_PRODUCTS_DIR)/Gamers.app/Gamers";
			};
			name = Debug;
		};
		1AD9C7201B4E1189001FE414 /* Release */ = {
			isa = XCBuildConfiguration;
			buildSettings = {
				BUNDLE_LOADER = "$(TEST_HOST)";
				FRAMEWORK_SEARCH_PATHS = (
					"$(SDKROOT)/Developer/Library/Frameworks",
					"$(inherited)",
				);
				INFOPLIST_FILE = GamersTests/Info.plist;
				LD_RUNPATH_SEARCH_PATHS = "$(inherited) @executable_path/Frameworks @loader_path/Frameworks";
				PRODUCT_NAME = "$(TARGET_NAME)";
				TEST_HOST = "$(BUILT_PRODUCTS_DIR)/Gamers.app/Gamers";
			};
			name = Release;
		};
/* End XCBuildConfiguration section */

/* Begin XCConfigurationList section */
		1AD9C6F71B4E1189001FE414 /* Build configuration list for PBXProject "Gamers" */ = {
			isa = XCConfigurationList;
			buildConfigurations = (
				1AD9C7191B4E1189001FE414 /* Debug */,
				1AD9C71A1B4E1189001FE414 /* Release */,
			);
			defaultConfigurationIsVisible = 0;
			defaultConfigurationName = Release;
		};
		1AD9C71B1B4E1189001FE414 /* Build configuration list for PBXNativeTarget "Gamers" */ = {
			isa = XCConfigurationList;
			buildConfigurations = (
				1AD9C71C1B4E1189001FE414 /* Debug */,
				1AD9C71D1B4E1189001FE414 /* Release */,
			);
			defaultConfigurationIsVisible = 0;
			defaultConfigurationName = Release;
		};
		1AD9C71E1B4E1189001FE414 /* Build configuration list for PBXNativeTarget "GamersTests" */ = {
			isa = XCConfigurationList;
			buildConfigurations = (
				1AD9C71F1B4E1189001FE414 /* Debug */,
				1AD9C7201B4E1189001FE414 /* Release */,
			);
			defaultConfigurationIsVisible = 0;
			defaultConfigurationName = Release;
		};
/* End XCConfigurationList section */
	};
	rootObject = 1AD9C6F41B4E1189001FE414 /* Project object */;
}
